
Microsoft Visual Studio Solution File, Format Version 12.00
# Visual Studio Version 16
VisualStudioVersion = 16.0.34601.136
MinimumVisualStudioVersion = 10.0.40219.1
Project("{FAE04EC0-301F-11D3-BF4B-00C04F79EFBC}") = "mvc_ogrenci_kayit", "mvc_ogrenci_kayit\mvc_ogrenci_kayit.csproj", "{22D955CB-7F10-4180-85FF-43E742F556BA}"
EndProject
Global
	GlobalSection(SolutionConfigurationPlatforms) = preSolution
		Debug|Any CPU = Debug|Any CPU
		Release|Any CPU = Release|Any CPU
	EndGlobalSection
	GlobalSection(ProjectConfigurationPlatforms) = postSolution
		{22D955CB-7F10-4180-85FF-43E742F556BA}.Debug|Any CPU.ActiveCfg = Debug|Any CPU
		{22D955CB-7F10-4180-85FF-43E742F556BA}.Debug|Any CPU.Build.0 = Debug|Any CPU
		{22D955CB-7F10-4180-85FF-43E742F556BA}.Release|Any CPU.ActiveCfg = Release|Any CPU
		{22D955CB-7F10-4180-85FF-43E742F556BA}.Release|Any CPU.Build.0 = Release|Any CPU
	EndGlobalSection
	GlobalSection(SolutionProperties) = preSolution
		HideSolutionNode = FALSE
	EndGlobalSection
	GlobalSection(ExtensibilityGlobals) = postSolution
		SolutionGuid = {4B0BE79C-F6E1-4B47-B644-EF2CBB1BC292}
	EndGlobalSection
EndGlobal
